
Microsoft Visual Studio Solution File, Format Version 12.00
# Visual Studio 14
VisualStudioVersion = 14.0.25420.1
MinimumVisualStudioVersion = 10.0.40219.1
Project("{8BC9CEB8-8B4A-11D0-8D11-00A0C91BC942}") = "2016136144_강동균_과제2", "2016136144_강동균_과제2\2016136144_강동균_과제2.vcxproj", "{49A194D7-6E1C-419F-84EE-68CFD3076146}"
EndProject
Project("{8BC9CEB8-8B4A-11D0-8D11-00A0C91BC942}") = "2016136144_강동균_과제1", "2016136144_강동균_과제1\2016136144_강동균_과제1.vcxproj", "{BCC510AC-BEB1-4897-8046-ADE238CB6983}"
EndProject
Project("{8BC9CEB8-8B4A-11D0-8D11-00A0C91BC942}") = "2016136144_강동균_과제3", "2016136144_강동균_과제3\2016136144_강동균_과제3.vcxproj", "{98ADD17F-BA80-4062-9E70-12590CDEB276}"
EndProject
Project("{8BC9CEB8-8B4A-11D0-8D11-00A0C91BC942}") = "2016136144_강동균_과제4_1", "2016136144_강동균_과제4_1\2016136144_강동균_과제4_1.vcxproj", "{2E74E651-0985-4DA5-A610-B00313EE3E38}"
EndProject
Project("{8BC9CEB8-8B4A-11D0-8D11-00A0C91BC942}") = "2016136144_강동균_과제4_2", "2016136144_강동균_과제4_2\2016136144_강동균_과제4_2.vcxproj", "{B705D6F8-045B-40EB-9AE4-50F363A77F18}"
EndProject
Project("{8BC9CEB8-8B4A-11D0-8D11-00A0C91BC942}") = "2016136144_강동균_과제5", "2016136144_강동균_과제5\2016136144_강동균_과제5.vcxproj", "{8524562E-397C-4571-9867-091CF5B0472A}"
EndProject
Project("{8BC9CEB8-8B4A-11D0-8D11-00A0C91BC942}") = "2016136144_강동균_과제6", "2016136144_강동균_과제6\2016136144_강동균_과제6.vcxproj", "{FA0F73DC-EF7B-43F5-A34B-8F4BB0B119AA}"
EndProject
Project("{8BC9CEB8-8B4A-11D0-8D11-00A0C91BC942}") = "2016136144_강동균_과제7", "2016136144_강동균_과제7\2016136144_강동균_과제7.vcxproj", "{C5129E43-8A65-46CC-83E7-066BA106EDEE}"
EndProject
Project("{8BC9CEB8-8B4A-11D0-8D11-00A0C91BC942}") = "2016136144_강동균_과제8", "2016136144_강동균_과제8\2016136144_강동균_과제8.vcxproj", "{7843488D-323F-4E9C-B4CF-E73BB17E4E48}"
EndProject
Project("{8BC9CEB8-8B4A-11D0-8D11-00A0C91BC942}") = "2016136144_강동균_과제9", "2016136144_강동균_과제9\2016136144_강동균_과제9.vcxproj", "{27182619-5198-4E6F-A835-4EED59396DA1}"
EndProject
Project("{8BC9CEB8-8B4A-11D0-8D11-00A0C91BC942}") = "2016136144_강동균_과제10", "2016136144_강동균_과제10\2016136144_강동균_과제10.vcxproj", "{BFB9B6D5-1AB6-4240-A9A5-97D4FC1AF7C7}"
EndProject
Project("{8BC9CEB8-8B4A-11D0-8D11-00A0C91BC942}") = "2016136144_강동균_과제11", "2016136144_강동균_과제11\2016136144_강동균_과제11.vcxproj", "{667D3215-BF0E-4306-9D66-657CC691D9DB}"
EndProject
Project("{8BC9CEB8-8B4A-11D0-8D11-00A0C91BC942}") = "2016136144_강동균_과제12", "2016136144_강동균_과제12\2016136144_강동균_과제12.vcxproj", "{6D2B3D81-4E48-4874-BCC3-002735295F6B}"
EndProject
Global
	GlobalSection(SolutionConfigurationPlatforms) = preSolution
		Debug|x64 = Debug|x64
		Debug|x86 = Debug|x86
		Release|x64 = Release|x64
		Release|x86 = Release|x86
	EndGlobalSection
	GlobalSection(ProjectConfigurationPlatforms) = postSolution
		{49A194D7-6E1C-419F-84EE-68CFD3076146}.Debug|x64.ActiveCfg = Debug|x64
		{49A194D7-6E1C-419F-84EE-68CFD3076146}.Debug|x64.Build.0 = Debug|x64
		{49A194D7-6E1C-419F-84EE-68CFD3076146}.Debug|x86.ActiveCfg = Debug|Win32
		{49A194D7-6E1C-419F-84EE-68CFD3076146}.Debug|x86.Build.0 = Debug|Win32
		{49A194D7-6E1C-419F-84EE-68CFD3076146}.Release|x64.ActiveCfg = Release|x64
		{49A194D7-6E1C-419F-84EE-68CFD3076146}.Release|x64.Build.0 = Release|x64
		{49A194D7-6E1C-419F-84EE-68CFD3076146}.Release|x86.ActiveCfg = Release|Win32
		{49A194D7-6E1C-419F-84EE-68CFD3076146}.Release|x86.Build.0 = Release|Win32
		{BCC510AC-BEB1-4897-8046-ADE238CB6983}.Debug|x64.ActiveCfg = Debug|x64
		{BCC510AC-BEB1-4897-8046-ADE238CB6983}.Debug|x64.Build.0 = Debug|x64
		{BCC510AC-BEB1-4897-8046-ADE238CB6983}.Debug|x86.ActiveCfg = Debug|Win32
		{BCC510AC-BEB1-4897-8046-ADE238CB6983}.Debug|x86.Build.0 = Debug|Win32
		{BCC510AC-BEB1-4897-8046-ADE238CB6983}.Release|x64.ActiveCfg = Release|x64
		{BCC510AC-BEB1-4897-8046-ADE238CB6983}.Release|x64.Build.0 = Release|x64
		{BCC510AC-BEB1-4897-8046-ADE238CB6983}.Release|x86.ActiveCfg = Release|Win32
		{BCC510AC-BEB1-4897-8046-ADE238CB6983}.Release|x86.Build.0 = Release|Win32
		{98ADD17F-BA80-4062-9E70-12590CDEB276}.Debug|x64.ActiveCfg = Debug|x64
		{98ADD17F-BA80-4062-9E70-12590CDEB276}.Debug|x64.Build.0 = Debug|x64
		{98ADD17F-BA80-4062-9E70-12590CDEB276}.Debug|x86.ActiveCfg = Debug|Win32
		{98ADD17F-BA80-4062-9E70-12590CDEB276}.Debug|x86.Build.0 = Debug|Win32
		{98ADD17F-BA80-4062-9E70-12590CDEB276}.Release|x64.ActiveCfg = Release|x64
		{98ADD17F-BA80-4062-9E70-12590CDEB276}.Release|x64.Build.0 = Release|x64
		{98ADD17F-BA80-4062-9E70-12590CDEB276}.Release|x86.ActiveCfg = Release|Win32
		{98ADD17F-BA80-4062-9E70-12590CDEB276}.Release|x86.Build.0 = Release|Win32
		{2E74E651-0985-4DA5-A610-B00313EE3E38}.Debug|x64.ActiveCfg = Debug|x64
		{2E74E651-0985-4DA5-A610-B00313EE3E38}.Debug|x64.Build.0 = Debug|x64
		{2E74E651-0985-4DA5-A610-B00313EE3E38}.Debug|x86.ActiveCfg = Debug|Win32
		{2E74E651-0985-4DA5-A610-B00313EE3E38}.Debug|x86.Build.0 = Debug|Win32
		{2E74E651-0985-4DA5-A610-B00313EE3E38}.Release|x64.ActiveCfg = Release|x64
		{2E74E651-0985-4DA5-A610-B00313EE3E38}.Release|x64.Build.0 = Release|x64
		{2E74E651-0985-4DA5-A610-B00313EE3E38}.Release|x86.ActiveCfg = Release|Win32
		{2E74E651-0985-4DA5-A610-B00313EE3E38}.Release|x86.Build.0 = Release|Win32
		{B705D6F8-045B-40EB-9AE4-50F363A77F18}.Debug|x64.ActiveCfg = Debug|x64
		{B705D6F8-045B-40EB-9AE4-50F363A77F18}.Debug|x64.Build.0 = Debug|x64
		{B705D6F8-045B-40EB-9AE4-50F363A77F18}.Debug|x86.ActiveCfg = Debug|Win32
		{B705D6F8-045B-40EB-9AE4-50F363A77F18}.Debug|x86.Build.0 = Debug|Win32
		{B705D6F8-045B-40EB-9AE4-50F363A77F18}.Release|x64.ActiveCfg = Release|x64
		{B705D6F8-045B-40EB-9AE4-50F363A77F18}.Release|x64.Build.0 = Release|x64
		{B705D6F8-045B-40EB-9AE4-50F363A77F18}.Release|x86.ActiveCfg = Release|Win32
		{B705D6F8-045B-40EB-9AE4-50F363A77F18}.Release|x86.Build.0 = Release|Win32
		{8524562E-397C-4571-9867-091CF5B0472A}.Debug|x64.ActiveCfg = Debug|x64
		{8524562E-397C-4571-9867-091CF5B0472A}.Debug|x64.Build.0 = Debug|x64
		{8524562E-397C-4571-9867-091CF5B0472A}.Debug|x86.ActiveCfg = Debug|Win32
		{8524562E-397C-4571-9867-091CF5B0472A}.Debug|x86.Build.0 = Debug|Win32
		{8524562E-397C-4571-9867-091CF5B0472A}.Release|x64.ActiveCfg = Release|x64
		{8524562E-397C-4571-9867-091CF5B0472A}.Release|x64.Build.0 = Release|x64
		{8524562E-397C-4571-9867-091CF5B0472A}.Release|x86.ActiveCfg = Release|Win32
		{8524562E-397C-4571-9867-091CF5B0472A}.Release|x86.Build.0 = Release|Win32
		{FA0F73DC-EF7B-43F5-A34B-8F4BB0B119AA}.Debug|x64.ActiveCfg = Debug|x64
		{FA0F73DC-EF7B-43F5-A34B-8F4BB0B119AA}.Debug|x64.Build.0 = Debug|x64
		{FA0F73DC-EF7B-43F5-A34B-8F4BB0B119AA}.Debug|x86.ActiveCfg = Debug|Win32
		{FA0F73DC-EF7B-43F5-A34B-8F4BB0B119AA}.Debug|x86.Build.0 = Debug|Win32
		{FA0F73DC-EF7B-43F5-A34B-8F4BB0B119AA}.Release|x64.ActiveCfg = Release|x64
		{FA0F73DC-EF7B-43F5-A34B-8F4BB0B119AA}.Release|x64.Build.0 = Release|x64
		{FA0F73DC-EF7B-43F5-A34B-8F4BB0B119AA}.Release|x86.ActiveCfg = Release|Win32
		{FA0F73DC-EF7B-43F5-A34B-8F4BB0B119AA}.Release|x86.Build.0 = Release|Win32
		{C5129E43-8A65-46CC-83E7-066BA106EDEE}.Debug|x64.ActiveCfg = Debug|x64
		{C5129E43-8A65-46CC-83E7-066BA106EDEE}.Debug|x64.Build.0 = Debug|x64
		{C5129E43-8A65-46CC-83E7-066BA106EDEE}.Debug|x86.ActiveCfg = Debug|Win32
		{C5129E43-8A65-46CC-83E7-066BA106EDEE}.Debug|x86.Build.0 = Debug|Win32
		{C5129E43-8A65-46CC-83E7-066BA106EDEE}.Release|x64.ActiveCfg = Release|x64
		{C5129E43-8A65-46CC-83E7-066BA106EDEE}.Release|x64.Build.0 = Release|x64
		{C5129E43-8A65-46CC-83E7-066BA106EDEE}.Release|x86.ActiveCfg = Release|Win32
		{C5129E43-8A65-46CC-83E7-066BA106EDEE}.Release|x86.Build.0 = Release|Win32
		{7843488D-323F-4E9C-B4CF-E73BB17E4E48}.Debug|x64.ActiveCfg = Debug|x64
		{7843488D-323F-4E9C-B4CF-E73BB17E4E48}.Debug|x64.Build.0 = Debug|x64
		{7843488D-323F-4E9C-B4CF-E73BB17E4E48}.Debug|x86.ActiveCfg = Debug|Win32
		{7843488D-323F-4E9C-B4CF-E73BB17E4E48}.Debug|x86.Build.0 = Debug|Win32
		{7843488D-323F-4E9C-B4CF-E73BB17E4E48}.Release|x64.ActiveCfg = Release|x64
		{7843488D-323F-4E9C-B4CF-E73BB17E4E48}.Release|x64.Build.0 = Release|x64
		{7843488D-323F-4E9C-B4CF-E73BB17E4E48}.Release|x86.ActiveCfg = Release|Win32
		{7843488D-323F-4E9C-B4CF-E73BB17E4E48}.Release|x86.Build.0 = Release|Win32
		{27182619-5198-4E6F-A835-4EED59396DA1}.Debug|x64.ActiveCfg = Debug|x64
		{27182619-5198-4E6F-A835-4EED59396DA1}.Debug|x64.Build.0 = Debug|x64
		{27182619-5198-4E6F-A835-4EED59396DA1}.Debug|x86.ActiveCfg = Debug|Win32
		{27182619-5198-4E6F-A835-4EED59396DA1}.Debug|x86.Build.0 = Debug|Win32
		{27182619-5198-4E6F-A835-4EED59396DA1}.Release|x64.ActiveCfg = Release|x64
		{27182619-5198-4E6F-A835-4EED59396DA1}.Release|x64.Build.0 = Release|x64
		{27182619-5198-4E6F-A835-4EED59396DA1}.Release|x86.ActiveCfg = Release|Win32
		{27182619-5198-4E6F-A835-4EED59396DA1}.Release|x86.Build.0 = Release|Win32
		{BFB9B6D5-1AB6-4240-A9A5-97D4FC1AF7C7}.Debug|x64.ActiveCfg = Debug|x64
		{BFB9B6D5-1AB6-4240-A9A5-97D4FC1AF7C7}.Debug|x64.Build.0 = Debug|x64
		{BFB9B6D5-1AB6-4240-A9A5-97D4FC1AF7C7}.Debug|x86.ActiveCfg = Debug|Win32
		{BFB9B6D5-1AB6-4240-A9A5-97D4FC1AF7C7}.Debug|x86.Build.0 = Debug|Win32
		{BFB9B6D5-1AB6-4240-A9A5-97D4FC1AF7C7}.Release|x64.ActiveCfg = Release|x64
		{BFB9B6D5-1AB6-4240-A9A5-97D4FC1AF7C7}.Release|x64.Build.0 = Release|x64
		{BFB9B6D5-1AB6-4240-A9A5-97D4FC1AF7C7}.Release|x86.ActiveCfg = Release|Win32
		{BFB9B6D5-1AB6-4240-A9A5-97D4FC1AF7C7}.Release|x86.Build.0 = Release|Win32
		{667D3215-BF0E-4306-9D66-657CC691D9DB}.Debug|x64.ActiveCfg = Debug|x64
		{667D3215-BF0E-4306-9D66-657CC691D9DB}.Debug|x64.Build.0 = Debug|x64
		{667D3215-BF0E-4306-9D66-657CC691D9DB}.Debug|x86.ActiveCfg = Debug|Win32
		{667D3215-BF0E-4306-9D66-657CC691D9DB}.Debug|x86.Build.0 = Debug|Win32
		{667D3215-BF0E-4306-9D66-657CC691D9DB}.Release|x64.ActiveCfg = Release|x64
		{667D3215-BF0E-4306-9D66-657CC691D9DB}.Release|x64.Build.0 = Release|x64
		{667D3215-BF0E-4306-9D66-657CC691D9DB}.Release|x86.ActiveCfg = Release|Win32
		{667D3215-BF0E-4306-9D66-657CC691D9DB}.Release|x86.Build.0 = Release|Win32
		{6D2B3D81-4E48-4874-BCC3-002735295F6B}.Debug|x64.ActiveCfg = Debug|x64
		{6D2B3D81-4E48-4874-BCC3-002735295F6B}.Debug|x64.Build.0 = Debug|x64
		{6D2B3D81-4E48-4874-BCC3-002735295F6B}.Debug|x86.ActiveCfg = Debug|Win32
		{6D2B3D81-4E48-4874-BCC3-002735295F6B}.Debug|x86.Build.0 = Debug|Win32
		{6D2B3D81-4E48-4874-BCC3-002735295F6B}.Release|x64.ActiveCfg = Release|x64
		{6D2B3D81-4E48-4874-BCC3-002735295F6B}.Release|x64.Build.0 = Release|x64
		{6D2B3D81-4E48-4874-BCC3-002735295F6B}.Release|x86.ActiveCfg = Release|Win32
		{6D2B3D81-4E48-4874-BCC3-002735295F6B}.Release|x86.Build.0 = Release|Win32
	EndGlobalSection
	GlobalSection(SolutionProperties) = preSolution
		HideSolutionNode = FALSE
	EndGlobalSection
	GlobalSection(ExtensibilityGlobals) = postSolution
		SolutionGuid = {CABE25E6-DA8A-4FC4-985C-4D7E71EE1481}
	EndGlobalSection
EndGlobal
